
Microsoft Visual Studio Solution File, Format Version 12.00
# Visual Studio Version 17
VisualStudioVersion = 17.3.32929.385
MinimumVisualStudioVersion = 10.0.40219.1
Project("{8BC9CEB8-8B4A-11D0-8D11-00A0C91BC942}") = "z_mkey", "z_mkey\z_mkey.vcxproj", "{499CB881-BB2A-451A-BAE8-30DF5DB67E9C}"
EndProject
Project("{8BC9CEB8-8B4A-11D0-8D11-00A0C91BC942}") = "COPOSScannerIdl", "COPOSScannerIdl\COPOSScannerIdl.vcxproj", "{6536EBEC-014E-4D6B-97BE-223137694CA8}"
EndProject
Project("{8BC9CEB8-8B4A-11D0-8D11-00A0C91BC942}") = "COPOSScanner", "COPOSScanner\COPOSScanner.vcxproj", "{F66BE3F2-4839-4F54-A89C-A46F7BD61418}"
EndProject
Project("{8BC9CEB8-8B4A-11D0-8D11-00A0C91BC942}") = "zPOSKeyboard", "zPOSKeyboard\zPOSKeyboard.vcxproj", "{F2CBC5CE-124F-41E1-BD7C-65479C567194}"
EndProject
Project("{8BC9CEB8-8B4A-11D0-8D11-00A0C91BC942}") = "zScanner", "zScanner\zScanner.vcxproj", "{809C2FE6-F1ED-4A62-A831-B94FDADFDEEB}"
EndProject
Project("{8BC9CEB8-8B4A-11D0-8D11-00A0C91BC942}") = "z_scanner", "z_scanner\z_scanner.vcxproj", "{45DB5D6F-9226-4B3E-B2D8-AED4C9701466}"
EndProject
Project("{8BC9CEB8-8B4A-11D0-8D11-00A0C91BC942}") = "OposDriver", "OposDriver\OposDriver.vcxproj", "{2CBDF921-7243-420D-8124-1B5234E518BF}"
EndProject
Project("{8BC9CEB8-8B4A-11D0-8D11-00A0C91BC942}") = "COPOSScanner_debug", "COPOSScanner_debug\COPOSScanner_debug.vcxproj", "{4CD7BF69-9BC1-451B-8B46-EBA54FBA93A6}"
EndProject
Project("{8BC9CEB8-8B4A-11D0-8D11-00A0C91BC942}") = "COPOSDrawer", "COPOSDrawer\COPOSDrawer.vcxproj", "{8C5958A2-5A55-4618-830B-DD6146442D98}"
EndProject
Project("{8BC9CEB8-8B4A-11D0-8D11-00A0C91BC942}") = "COPOSDrawerIdl", "COPOSDrawerIdl\COPOSDrawerIdl.vcxproj", "{896E8521-3463-43BE-A7BE-5656BAA95DEE}"
EndProject
Project("{8BC9CEB8-8B4A-11D0-8D11-00A0C91BC942}") = "zCashDrawer", "zCashDrawer\zCashDrawer.vcxproj", "{6C19AD0A-2AE5-4CFA-A453-DAAE1B5196FA}"
EndProject
Project("{8BC9CEB8-8B4A-11D0-8D11-00A0C91BC942}") = "z_cash_drawer", "z_cash_drawer\z_cash_drawer.vcxproj", "{FFD6BC2D-125E-45B0-A079-93FB7B184C5F}"
EndProject
Project("{8BC9CEB8-8B4A-11D0-8D11-00A0C91BC942}") = "COPOSDrawer_debug", "COPOSDrawer_debug\COPOSDrawer_debug.vcxproj", "{EA349DEF-87F4-4B66-A18B-FCB164B9A49B}"
EndProject
Project("{8BC9CEB8-8B4A-11D0-8D11-00A0C91BC942}") = "COPOSPOSPrinterIdl", "COPOSPOSPrinterIdl\COPOSPOSPrinterIdl.vcxproj", "{5B6C203A-7B24-4410-9AE1-45513CC7FB57}"
EndProject
Project("{8BC9CEB8-8B4A-11D0-8D11-00A0C91BC942}") = "COPOSPOSPrinter", "COPOSPOSPrinter\COPOSPOSPrinter.vcxproj", "{88320A3D-D069-40B3-A358-CFA3C3EA6231}"
EndProject
Project("{8BC9CEB8-8B4A-11D0-8D11-00A0C91BC942}") = "COPOSPOSPrinter_debug", "COPOSPOSPrinter_debug\COPOSPOSPrinter_debug.vcxproj", "{BB9632C8-7F34-46CD-BFAB-9570831849ED}"
EndProject
Project("{8BC9CEB8-8B4A-11D0-8D11-00A0C91BC942}") = "zPOSPrinter", "zPOSPrinter\zPOSPrinter.vcxproj", "{A75C8F3E-3A80-4183-B182-34D3D1B5C34F}"
EndProject
Project("{8BC9CEB8-8B4A-11D0-8D11-00A0C91BC942}") = "z_printer", "z_printer\z_printer.vcxproj", "{4AC7CA7D-B042-419A-B5FB-FA24354D7F02}"
EndProject
Global
	GlobalSection(SolutionConfigurationPlatforms) = preSolution
		Debug|x64 = Debug|x64
		Debug|x86 = Debug|x86
		Release|x64 = Release|x64
		Release|x86 = Release|x86
	EndGlobalSection
	GlobalSection(ProjectConfigurationPlatforms) = postSolution
		{499CB881-BB2A-451A-BAE8-30DF5DB67E9C}.Debug|x64.ActiveCfg = Debug|x64
		{499CB881-BB2A-451A-BAE8-30DF5DB67E9C}.Debug|x64.Build.0 = Debug|x64
		{499CB881-BB2A-451A-BAE8-30DF5DB67E9C}.Debug|x86.ActiveCfg = Debug|Win32
		{499CB881-BB2A-451A-BAE8-30DF5DB67E9C}.Debug|x86.Build.0 = Debug|Win32
		{499CB881-BB2A-451A-BAE8-30DF5DB67E9C}.Release|x64.ActiveCfg = Release|x64
		{499CB881-BB2A-451A-BAE8-30DF5DB67E9C}.Release|x64.Build.0 = Release|x64
		{499CB881-BB2A-451A-BAE8-30DF5DB67E9C}.Release|x86.ActiveCfg = Release|Win32
		{499CB881-BB2A-451A-BAE8-30DF5DB67E9C}.Release|x86.Build.0 = Release|Win32
		{6536EBEC-014E-4D6B-97BE-223137694CA8}.Debug|x64.ActiveCfg = Debug|x64
		{6536EBEC-014E-4D6B-97BE-223137694CA8}.Debug|x64.Build.0 = Debug|x64
		{6536EBEC-014E-4D6B-97BE-223137694CA8}.Debug|x86.ActiveCfg = Debug|Win32
		{6536EBEC-014E-4D6B-97BE-223137694CA8}.Debug|x86.Build.0 = Debug|Win32
		{6536EBEC-014E-4D6B-97BE-223137694CA8}.Release|x64.ActiveCfg = Release|x64
		{6536EBEC-014E-4D6B-97BE-223137694CA8}.Release|x64.Build.0 = Release|x64
		{6536EBEC-014E-4D6B-97BE-223137694CA8}.Release|x86.ActiveCfg = Release|Win32
		{6536EBEC-014E-4D6B-97BE-223137694CA8}.Release|x86.Build.0 = Release|Win32
		{F66BE3F2-4839-4F54-A89C-A46F7BD61418}.Debug|x64.ActiveCfg = Debug|x64
		{F66BE3F2-4839-4F54-A89C-A46F7BD61418}.Debug|x64.Build.0 = Debug|x64
		{F66BE3F2-4839-4F54-A89C-A46F7BD61418}.Debug|x86.ActiveCfg = Debug|Win32
		{F66BE3F2-4839-4F54-A89C-A46F7BD61418}.Debug|x86.Build.0 = Debug|Win32
		{F66BE3F2-4839-4F54-A89C-A46F7BD61418}.Release|x64.ActiveCfg = Release|x64
		{F66BE3F2-4839-4F54-A89C-A46F7BD61418}.Release|x64.Build.0 = Release|x64
		{F66BE3F2-4839-4F54-A89C-A46F7BD61418}.Release|x86.ActiveCfg = Release|Win32
		{F66BE3F2-4839-4F54-A89C-A46F7BD61418}.Release|x86.Build.0 = Release|Win32
		{F2CBC5CE-124F-41E1-BD7C-65479C567194}.Debug|x64.ActiveCfg = Debug|x64
		{F2CBC5CE-124F-41E1-BD7C-65479C567194}.Debug|x64.Build.0 = Debug|x64
		{F2CBC5CE-124F-41E1-BD7C-65479C567194}.Debug|x86.ActiveCfg = Debug|Win32
		{F2CBC5CE-124F-41E1-BD7C-65479C567194}.Debug|x86.Build.0 = Debug|Win32
		{F2CBC5CE-124F-41E1-BD7C-65479C567194}.Release|x64.ActiveCfg = Release|x64
		{F2CBC5CE-124F-41E1-BD7C-65479C567194}.Release|x64.Build.0 = Release|x64
		{F2CBC5CE-124F-41E1-BD7C-65479C567194}.Release|x86.ActiveCfg = Release|Win32
		{F2CBC5CE-124F-41E1-BD7C-65479C567194}.Release|x86.Build.0 = Release|Win32
		{809C2FE6-F1ED-4A62-A831-B94FDADFDEEB}.Debug|x64.ActiveCfg = Debug|x64
		{809C2FE6-F1ED-4A62-A831-B94FDADFDEEB}.Debug|x64.Build.0 = Debug|x64
		{809C2FE6-F1ED-4A62-A831-B94FDADFDEEB}.Debug|x86.ActiveCfg = Debug|Win32
		{809C2FE6-F1ED-4A62-A831-B94FDADFDEEB}.Debug|x86.Build.0 = Debug|Win32
		{809C2FE6-F1ED-4A62-A831-B94FDADFDEEB}.Release|x64.ActiveCfg = Release|x64
		{809C2FE6-F1ED-4A62-A831-B94FDADFDEEB}.Release|x64.Build.0 = Release|x64
		{809C2FE6-F1ED-4A62-A831-B94FDADFDEEB}.Release|x86.ActiveCfg = Release|Win32
		{809C2FE6-F1ED-4A62-A831-B94FDADFDEEB}.Release|x86.Build.0 = Release|Win32
		{45DB5D6F-9226-4B3E-B2D8-AED4C9701466}.Debug|x64.ActiveCfg = Debug|x64
		{45DB5D6F-9226-4B3E-B2D8-AED4C9701466}.Debug|x64.Build.0 = Debug|x64
		{45DB5D6F-9226-4B3E-B2D8-AED4C9701466}.Debug|x86.ActiveCfg = Debug|Win32
		{45DB5D6F-9226-4B3E-B2D8-AED4C9701466}.Debug|x86.Build.0 = Debug|Win32
		{45DB5D6F-9226-4B3E-B2D8-AED4C9701466}.Release|x64.ActiveCfg = Release|x64
		{45DB5D6F-9226-4B3E-B2D8-AED4C9701466}.Release|x64.Build.0 = Release|x64
		{45DB5D6F-9226-4B3E-B2D8-AED4C9701466}.Release|x86.ActiveCfg = Release|Win32
		{45DB5D6F-9226-4B3E-B2D8-AED4C9701466}.Release|x86.Build.0 = Release|Win32
		{2CBDF921-7243-420D-8124-1B5234E518BF}.Debug|x64.ActiveCfg = Debug|x64
		{2CBDF921-7243-420D-8124-1B5234E518BF}.Debug|x64.Build.0 = Debug|x64
		{2CBDF921-7243-420D-8124-1B5234E518BF}.Debug|x86.ActiveCfg = Debug|Win32
		{2CBDF921-7243-420D-8124-1B5234E518BF}.Debug|x86.Build.0 = Debug|Win32
		{2CBDF921-7243-420D-8124-1B5234E518BF}.Release|x64.ActiveCfg = Release|x64
		{2CBDF921-7243-420D-8124-1B5234E518BF}.Release|x64.Build.0 = Release|x64
		{2CBDF921-7243-420D-8124-1B5234E518BF}.Release|x86.ActiveCfg = Release|Win32
		{2CBDF921-7243-420D-8124-1B5234E518BF}.Release|x86.Build.0 = Release|Win32
		{4CD7BF69-9BC1-451B-8B46-EBA54FBA93A6}.Debug|x64.ActiveCfg = Debug|x64
		{4CD7BF69-9BC1-451B-8B46-EBA54FBA93A6}.Debug|x64.Build.0 = Debug|x64
		{4CD7BF69-9BC1-451B-8B46-EBA54FBA93A6}.Debug|x86.ActiveCfg = Debug|Win32
		{4CD7BF69-9BC1-451B-8B46-EBA54FBA93A6}.Debug|x86.Build.0 = Debug|Win32
		{4CD7BF69-9BC1-451B-8B46-EBA54FBA93A6}.Release|x64.ActiveCfg = Release|x64
		{4CD7BF69-9BC1-451B-8B46-EBA54FBA93A6}.Release|x64.Build.0 = Release|x64
		{4CD7BF69-9BC1-451B-8B46-EBA54FBA93A6}.Release|x86.ActiveCfg = Release|Win32
		{4CD7BF69-9BC1-451B-8B46-EBA54FBA93A6}.Release|x86.Build.0 = Release|Win32
		{8C5958A2-5A55-4618-830B-DD6146442D98}.Debug|x64.ActiveCfg = Debug|x64
		{8C5958A2-5A55-4618-830B-DD6146442D98}.Debug|x64.Build.0 = Debug|x64
		{8C5958A2-5A55-4618-830B-DD6146442D98}.Debug|x86.ActiveCfg = Debug|Win32
		{8C5958A2-5A55-4618-830B-DD6146442D98}.Debug|x86.Build.0 = Debug|Win32
		{8C5958A2-5A55-4618-830B-DD6146442D98}.Release|x64.ActiveCfg = Release|x64
		{8C5958A2-5A55-4618-830B-DD6146442D98}.Release|x64.Build.0 = Release|x64
		{8C5958A2-5A55-4618-830B-DD6146442D98}.Release|x86.ActiveCfg = Release|Win32
		{8C5958A2-5A55-4618-830B-DD6146442D98}.Release|x86.Build.0 = Release|Win32
		{896E8521-3463-43BE-A7BE-5656BAA95DEE}.Debug|x64.ActiveCfg = Debug|x64
		{896E8521-3463-43BE-A7BE-5656BAA95DEE}.Debug|x64.Build.0 = Debug|x64
		{896E8521-3463-43BE-A7BE-5656BAA95DEE}.Debug|x86.ActiveCfg = Debug|Win32
		{896E8521-3463-43BE-A7BE-5656BAA95DEE}.Debug|x86.Build.0 = Debug|Win32
		{896E8521-3463-43BE-A7BE-5656BAA95DEE}.Release|x64.ActiveCfg = Release|x64
		{896E8521-3463-43BE-A7BE-5656BAA95DEE}.Release|x64.Build.0 = Release|x64
		{896E8521-3463-43BE-A7BE-5656BAA95DEE}.Release|x86.ActiveCfg = Release|Win32
		{896E8521-3463-43BE-A7BE-5656BAA95DEE}.Release|x86.Build.0 = Release|Win32
		{6C19AD0A-2AE5-4CFA-A453-DAAE1B5196FA}.Debug|x64.ActiveCfg = Debug|x64
		{6C19AD0A-2AE5-4CFA-A453-DAAE1B5196FA}.Debug|x64.Build.0 = Debug|x64
		{6C19AD0A-2AE5-4CFA-A453-DAAE1B5196FA}.Debug|x86.ActiveCfg = Debug|Win32
		{6C19AD0A-2AE5-4CFA-A453-DAAE1B5196FA}.Debug|x86.Build.0 = Debug|Win32
		{6C19AD0A-2AE5-4CFA-A453-DAAE1B5196FA}.Release|x64.ActiveCfg = Release|x64
		{6C19AD0A-2AE5-4CFA-A453-DAAE1B5196FA}.Release|x64.Build.0 = Release|x64
		{6C19AD0A-2AE5-4CFA-A453-DAAE1B5196FA}.Release|x86.ActiveCfg = Release|Win32
		{6C19AD0A-2AE5-4CFA-A453-DAAE1B5196FA}.Release|x86.Build.0 = Release|Win32
		{FFD6BC2D-125E-45B0-A079-93FB7B184C5F}.Debug|x64.ActiveCfg = Debug|x64
		{FFD6BC2D-125E-45B0-A079-93FB7B184C5F}.Debug|x64.Build.0 = Debug|x64
		{FFD6BC2D-125E-45B0-A079-93FB7B184C5F}.Debug|x86.ActiveCfg = Debug|Win32
		{FFD6BC2D-125E-45B0-A079-93FB7B184C5F}.Debug|x86.Build.0 = Debug|Win32
		{FFD6BC2D-125E-45B0-A079-93FB7B184C5F}.Release|x64.ActiveCfg = Release|x64
		{FFD6BC2D-125E-45B0-A079-93FB7B184C5F}.Release|x64.Build.0 = Release|x64
		{FFD6BC2D-125E-45B0-A079-93FB7B184C5F}.Release|x86.ActiveCfg = Release|Win32
		{FFD6BC2D-125E-45B0-A079-93FB7B184C5F}.Release|x86.Build.0 = Release|Win32
		{EA349DEF-87F4-4B66-A18B-FCB164B9A49B}.Debug|x64.ActiveCfg = Debug|x64
		{EA349DEF-87F4-4B66-A18B-FCB164B9A49B}.Debug|x64.Build.0 = Debug|x64
		{EA349DEF-87F4-4B66-A18B-FCB164B9A49B}.Debug|x86.ActiveCfg = Debug|Win32
		{EA349DEF-87F4-4B66-A18B-FCB164B9A49B}.Debug|x86.Build.0 = Debug|Win32
		{EA349DEF-87F4-4B66-A18B-FCB164B9A49B}.Release|x64.ActiveCfg = Release|x64
		{EA349DEF-87F4-4B66-A18B-FCB164B9A49B}.Release|x64.Build.0 = Release|x64
		{EA349DEF-87F4-4B66-A18B-FCB164B9A49B}.Release|x86.ActiveCfg = Release|Win32
		{EA349DEF-87F4-4B66-A18B-FCB164B9A49B}.Release|x86.Build.0 = Release|Win32
		{5B6C203A-7B24-4410-9AE1-45513CC7FB57}.Debug|x64.ActiveCfg = Debug|x64
		{5B6C203A-7B24-4410-9AE1-45513CC7FB57}.Debug|x64.Build.0 = Debug|x64
		{5B6C203A-7B24-4410-9AE1-45513CC7FB57}.Debug|x86.ActiveCfg = Debug|Win32
		{5B6C203A-7B24-4410-9AE1-45513CC7FB57}.Debug|x86.Build.0 = Debug|Win32
		{5B6C203A-7B24-4410-9AE1-45513CC7FB57}.Release|x64.ActiveCfg = Release|x64
		{5B6C203A-7B24-4410-9AE1-45513CC7FB57}.Release|x64.Build.0 = Release|x64
		{5B6C203A-7B24-4410-9AE1-45513CC7FB57}.Release|x86.ActiveCfg = Release|Win32
		{5B6C203A-7B24-4410-9AE1-45513CC7FB57}.Release|x86.Build.0 = Release|Win32
		{88320A3D-D069-40B3-A358-CFA3C3EA6231}.Debug|x64.ActiveCfg = Debug|x64
		{88320A3D-D069-40B3-A358-CFA3C3EA6231}.Debug|x64.Build.0 = Debug|x64
		{88320A3D-D069-40B3-A358-CFA3C3EA6231}.Debug|x86.ActiveCfg = Debug|Win32
		{88320A3D-D069-40B3-A358-CFA3C3EA6231}.Debug|x86.Build.0 = Debug|Win32
		{88320A3D-D069-40B3-A358-CFA3C3EA6231}.Release|x64.ActiveCfg = Release|x64
		{88320A3D-D069-40B3-A358-CFA3C3EA6231}.Release|x64.Build.0 = Release|x64
		{88320A3D-D069-40B3-A358-CFA3C3EA6231}.Release|x86.ActiveCfg = Release|Win32
		{88320A3D-D069-40B3-A358-CFA3C3EA6231}.Release|x86.Build.0 = Release|Win32
		{BB9632C8-7F34-46CD-BFAB-9570831849ED}.Debug|x64.ActiveCfg = Debug|x64
		{BB9632C8-7F34-46CD-BFAB-9570831849ED}.Debug|x64.Build.0 = Debug|x64
		{BB9632C8-7F34-46CD-BFAB-9570831849ED}.Debug|x86.ActiveCfg = Debug|Win32
		{BB9632C8-7F34-46CD-BFAB-9570831849ED}.Debug|x86.Build.0 = Debug|Win32
		{BB9632C8-7F34-46CD-BFAB-9570831849ED}.Release|x64.ActiveCfg = Release|x64
		{BB9632C8-7F34-46CD-BFAB-9570831849ED}.Release|x64.Build.0 = Release|x64
		{BB9632C8-7F34-46CD-BFAB-9570831849ED}.Release|x86.ActiveCfg = Release|Win32
		{BB9632C8-7F34-46CD-BFAB-9570831849ED}.Release|x86.Build.0 = Release|Win32
		{A75C8F3E-3A80-4183-B182-34D3D1B5C34F}.Debug|x64.ActiveCfg = Debug|x64
		{A75C8F3E-3A80-4183-B182-34D3D1B5C34F}.Debug|x64.Build.0 = Debug|x64
		{A75C8F3E-3A80-4183-B182-34D3D1B5C34F}.Debug|x86.ActiveCfg = Debug|Win32
		{A75C8F3E-3A80-4183-B182-34D3D1B5C34F}.Debug|x86.Build.0 = Debug|Win32
		{A75C8F3E-3A80-4183-B182-34D3D1B5C34F}.Release|x64.ActiveCfg = Release|x64
		{A75C8F3E-3A80-4183-B182-34D3D1B5C34F}.Release|x64.Build.0 = Release|x64
		{A75C8F3E-3A80-4183-B182-34D3D1B5C34F}.Release|x86.ActiveCfg = Release|Win32
		{A75C8F3E-3A80-4183-B182-34D3D1B5C34F}.Release|x86.Build.0 = Release|Win32
		{4AC7CA7D-B042-419A-B5FB-FA24354D7F02}.Debug|x64.ActiveCfg = Debug|x64
		{4AC7CA7D-B042-419A-B5FB-FA24354D7F02}.Debug|x64.Build.0 = Debug|x64
		{4AC7CA7D-B042-419A-B5FB-FA24354D7F02}.Debug|x86.ActiveCfg = Debug|Win32
		{4AC7CA7D-B042-419A-B5FB-FA24354D7F02}.Debug|x86.Build.0 = Debug|Win32
		{4AC7CA7D-B042-419A-B5FB-FA24354D7F02}.Release|x64.ActiveCfg = Release|x64
		{4AC7CA7D-B042-419A-B5FB-FA24354D7F02}.Release|x64.Build.0 = Release|x64
		{4AC7CA7D-B042-419A-B5FB-FA24354D7F02}.Release|x86.ActiveCfg = Release|Win32
		{4AC7CA7D-B042-419A-B5FB-FA24354D7F02}.Release|x86.Build.0 = Release|Win32
	EndGlobalSection
	GlobalSection(SolutionProperties) = preSolution
		HideSolutionNode = FALSE
	EndGlobalSection
	GlobalSection(ExtensibilityGlobals) = postSolution
		SolutionGuid = {A76030CA-6650-432C-A27F-A5490204BA96}
	EndGlobalSection
EndGlobal
